
Microsoft Visual Studio Solution File, Format Version 12.00
# Visual Studio Version 16
VisualStudioVersion = 16.0.29230.61
MinimumVisualStudioVersion = 10.0.40219.1
Project("{FAE04EC0-301F-11D3-BF4B-00C04F79EFBC}") = "XamarinForms_Sample.UWP", "XamarinForms_Sample\XamarinForms_Sample.UWP\XamarinForms_Sample.UWP.csproj", "{3976E6A3-AE01-489C-B425-019DA783BE0C}"
EndProject
Project("{FAE04EC0-301F-11D3-BF4B-00C04F79EFBC}") = "XamarinForms_Sample.Android", "XamarinForms_Sample\XamarinForms_Sample.Android\XamarinForms_Sample.Android.csproj", "{00AB2E9C-5A39-45D4-A063-D9FEC51AACBF}"
EndProject
Project("{FAE04EC0-301F-11D3-BF4B-00C04F79EFBC}") = "XamarinForms_Sample.iOS", "XamarinForms_Sample\XamarinForms_Sample.iOS\XamarinForms_Sample.iOS.csproj", "{8524FC42-D736-497D-963E-04D13E35CE0D}"
EndProject
Project("{FAE04EC0-301F-11D3-BF4B-00C04F79EFBC}") = "XamarinForms_Sample", "XamarinForms_Sample\XamarinForms_Sample\XamarinForms_Sample.csproj", "{F377CAD6-0C5A-4E06-80D5-6873DECF3E0C}"
EndProject
Global
	GlobalSection(SolutionConfigurationPlatforms) = preSolution
		Debug|Any CPU = Debug|Any CPU
		Debug|ARM = Debug|ARM
		Debug|iPhone = Debug|iPhone
		Debug|iPhoneSimulator = Debug|iPhoneSimulator
		Debug|x64 = Debug|x64
		Debug|x86 = Debug|x86
		Release|Any CPU = Release|Any CPU
		Release|ARM = Release|ARM
		Release|iPhone = Release|iPhone
		Release|iPhoneSimulator = Release|iPhoneSimulator
		Release|x64 = Release|x64
		Release|x86 = Release|x86
	EndGlobalSection
	GlobalSection(ProjectConfigurationPlatforms) = postSolution
		{3976E6A3-AE01-489C-B425-019DA783BE0C}.Debug|Any CPU.ActiveCfg = Debug|x86
		{3976E6A3-AE01-489C-B425-019DA783BE0C}.Debug|Any CPU.Build.0 = Debug|x86
		{3976E6A3-AE01-489C-B425-019DA783BE0C}.Debug|Any CPU.Deploy.0 = Debug|x86
		{3976E6A3-AE01-489C-B425-019DA783BE0C}.Debug|ARM.ActiveCfg = Debug|ARM
		{3976E6A3-AE01-489C-B425-019DA783BE0C}.Debug|ARM.Build.0 = Debug|ARM
		{3976E6A3-AE01-489C-B425-019DA783BE0C}.Debug|ARM.Deploy.0 = Debug|ARM
		{3976E6A3-AE01-489C-B425-019DA783BE0C}.Debug|iPhone.ActiveCfg = Debug|x86
		{3976E6A3-AE01-489C-B425-019DA783BE0C}.Debug|iPhone.Build.0 = Debug|x86
		{3976E6A3-AE01-489C-B425-019DA783BE0C}.Debug|iPhone.Deploy.0 = Debug|x86
		{3976E6A3-AE01-489C-B425-019DA783BE0C}.Debug|iPhoneSimulator.ActiveCfg = Debug|x86
		{3976E6A3-AE01-489C-B425-019DA783BE0C}.Debug|iPhoneSimulator.Build.0 = Debug|x86
		{3976E6A3-AE01-489C-B425-019DA783BE0C}.Debug|iPhoneSimulator.Deploy.0 = Debug|x86
		{3976E6A3-AE01-489C-B425-019DA783BE0C}.Debug|x64.ActiveCfg = Debug|x64
		{3976E6A3-AE01-489C-B425-019DA783BE0C}.Debug|x64.Build.0 = Debug|x64
		{3976E6A3-AE01-489C-B425-019DA783BE0C}.Debug|x64.Deploy.0 = Debug|x64
		{3976E6A3-AE01-489C-B425-019DA783BE0C}.Debug|x86.ActiveCfg = Debug|x86
		{3976E6A3-AE01-489C-B425-019DA783BE0C}.Debug|x86.Build.0 = Debug|x86
		{3976E6A3-AE01-489C-B425-019DA783BE0C}.Debug|x86.Deploy.0 = Debug|x86
		{3976E6A3-AE01-489C-B425-019DA783BE0C}.Release|Any CPU.ActiveCfg = Release|x86
		{3976E6A3-AE01-489C-B425-019DA783BE0C}.Release|Any CPU.Build.0 = Release|x86
		{3976E6A3-AE01-489C-B425-019DA783BE0C}.Release|Any CPU.Deploy.0 = Release|x86
		{3976E6A3-AE01-489C-B425-019DA783BE0C}.Release|ARM.ActiveCfg = Release|ARM
		{3976E6A3-AE01-489C-B425-019DA783BE0C}.Release|ARM.Build.0 = Release|ARM
		{3976E6A3-AE01-489C-B425-019DA783BE0C}.Release|ARM.Deploy.0 = Release|ARM
		{3976E6A3-AE01-489C-B425-019DA783BE0C}.Release|iPhone.ActiveCfg = Release|x86
		{3976E6A3-AE01-489C-B425-019DA783BE0C}.Release|iPhone.Build.0 = Release|x86
		{3976E6A3-AE01-489C-B425-019DA783BE0C}.Release|iPhone.Deploy.0 = Release|x86
		{3976E6A3-AE01-489C-B425-019DA783BE0C}.Release|iPhoneSimulator.ActiveCfg = Release|x86
		{3976E6A3-AE01-489C-B425-019DA783BE0C}.Release|iPhoneSimulator.Build.0 = Release|x86
		{3976E6A3-AE01-489C-B425-019DA783BE0C}.Release|iPhoneSimulator.Deploy.0 = Release|x86
		{3976E6A3-AE01-489C-B425-019DA783BE0C}.Release|x64.ActiveCfg = Release|x64
		{3976E6A3-AE01-489C-B425-019DA783BE0C}.Release|x64.Build.0 = Release|x64
		{3976E6A3-AE01-489C-B425-019DA783BE0C}.Release|x64.Deploy.0 = Release|x64
		{3976E6A3-AE01-489C-B425-019DA783BE0C}.Release|x86.ActiveCfg = Release|x86
		{3976E6A3-AE01-489C-B425-019DA783BE0C}.Release|x86.Build.0 = Release|x86
		{3976E6A3-AE01-489C-B425-019DA783BE0C}.Release|x86.Deploy.0 = Release|x86
		{00AB2E9C-5A39-45D4-A063-D9FEC51AACBF}.Debug|Any CPU.ActiveCfg = Debug|Any CPU
		{00AB2E9C-5A39-45D4-A063-D9FEC51AACBF}.Debug|Any CPU.Build.0 = Debug|Any CPU
		{00AB2E9C-5A39-45D4-A063-D9FEC51AACBF}.Debug|Any CPU.Deploy.0 = Debug|Any CPU
		{00AB2E9C-5A39-45D4-A063-D9FEC51AACBF}.Debug|ARM.ActiveCfg = Debug|Any CPU
		{00AB2E9C-5A39-45D4-A063-D9FEC51AACBF}.Debug|ARM.Build.0 = Debug|Any CPU
		{00AB2E9C-5A39-45D4-A063-D9FEC51AACBF}.Debug|ARM.Deploy.0 = Debug|Any CPU
		{00AB2E9C-5A39-45D4-A063-D9FEC51AACBF}.Debug|iPhone.ActiveCfg = Debug|Any CPU
		{00AB2E9C-5A39-45D4-A063-D9FEC51AACBF}.Debug|iPhone.Build.0 = Debug|Any CPU
		{00AB2E9C-5A39-45D4-A063-D9FEC51AACBF}.Debug|iPhone.Deploy.0 = Debug|Any CPU
		{00AB2E9C-5A39-45D4-A063-D9FEC51AACBF}.Debug|iPhoneSimulator.ActiveCfg = Debug|Any CPU
		{00AB2E9C-5A39-45D4-A063-D9FEC51AACBF}.Debug|iPhoneSimulator.Build.0 = Debug|Any CPU
		{00AB2E9C-5A39-45D4-A063-D9FEC51AACBF}.Debug|iPhoneSimulator.Deploy.0 = Debug|Any CPU
		{00AB2E9C-5A39-45D4-A063-D9FEC51AACBF}.Debug|x64.ActiveCfg = Debug|Any CPU
		{00AB2E9C-5A39-45D4-A063-D9FEC51AACBF}.Debug|x64.Build.0 = Debug|Any CPU
		{00AB2E9C-5A39-45D4-A063-D9FEC51AACBF}.Debug|x64.Deploy.0 = Debug|Any CPU
		{00AB2E9C-5A39-45D4-A063-D9FEC51AACBF}.Debug|x86.ActiveCfg = Debug|Any CPU
		{00AB2E9C-5A39-45D4-A063-D9FEC51AACBF}.Debug|x86.Build.0 = Debug|Any CPU
		{00AB2E9C-5A39-45D4-A063-D9FEC51AACBF}.Debug|x86.Deploy.0 = Debug|Any CPU
		{00AB2E9C-5A39-45D4-A063-D9FEC51AACBF}.Release|Any CPU.ActiveCfg = Release|Any CPU
		{00AB2E9C-5A39-45D4-A063-D9FEC51AACBF}.Release|Any CPU.Build.0 = Release|Any CPU
		{00AB2E9C-5A39-45D4-A063-D9FEC51AACBF}.Release|Any CPU.Deploy.0 = Release|Any CPU
		{00AB2E9C-5A39-45D4-A063-D9FEC51AACBF}.Release|ARM.ActiveCfg = Release|Any CPU
		{00AB2E9C-5A39-45D4-A063-D9FEC51AACBF}.Release|ARM.Build.0 = Release|Any CPU
		{00AB2E9C-5A39-45D4-A063-D9FEC51AACBF}.Release|ARM.Deploy.0 = Release|Any CPU
		{00AB2E9C-5A39-45D4-A063-D9FEC51AACBF}.Release|iPhone.ActiveCfg = Release|Any CPU
		{00AB2E9C-5A39-45D4-A063-D9FEC51AACBF}.Release|iPhone.Build.0 = Release|Any CPU
		{00AB2E9C-5A39-45D4-A063-D9FEC51AACBF}.Release|iPhone.Deploy.0 = Release|Any CPU
		{00AB2E9C-5A39-45D4-A063-D9FEC51AACBF}.Release|iPhoneSimulator.ActiveCfg = Release|Any CPU
		{00AB2E9C-5A39-45D4-A063-D9FEC51AACBF}.Release|iPhoneSimulator.Build.0 = Release|Any CPU
		{00AB2E9C-5A39-45D4-A063-D9FEC51AACBF}.Release|iPhoneSimulator.Deploy.0 = Release|Any CPU
		{00AB2E9C-5A39-45D4-A063-D9FEC51AACBF}.Release|x64.ActiveCfg = Release|Any CPU
		{00AB2E9C-5A39-45D4-A063-D9FEC51AACBF}.Release|x64.Build.0 = Release|Any CPU
		{00AB2E9C-5A39-45D4-A063-D9FEC51AACBF}.Release|x64.Deploy.0 = Release|Any CPU
		{00AB2E9C-5A39-45D4-A063-D9FEC51AACBF}.Release|x86.ActiveCfg = Release|Any CPU
		{00AB2E9C-5A39-45D4-A063-D9FEC51AACBF}.Release|x86.Build.0 = Release|Any CPU
		{00AB2E9C-5A39-45D4-A063-D9FEC51AACBF}.Release|x86.Deploy.0 = Release|Any CPU
		{8524FC42-D736-497D-963E-04D13E35CE0D}.Debug|Any CPU.ActiveCfg = Debug|iPhone
		{8524FC42-D736-497D-963E-04D13E35CE0D}.Debug|Any CPU.Build.0 = Debug|iPhone
		{8524FC42-D736-497D-963E-04D13E35CE0D}.Debug|Any CPU.Deploy.0 = Debug|iPhone
		{8524FC42-D736-497D-963E-04D13E35CE0D}.Debug|ARM.ActiveCfg = Debug|iPhoneSimulator
		{8524FC42-D736-497D-963E-04D13E35CE0D}.Debug|ARM.Build.0 = Debug|iPhoneSimulator
		{8524FC42-D736-497D-963E-04D13E35CE0D}.Debug|ARM.Deploy.0 = Debug|iPhoneSimulator
		{8524FC42-D736-497D-963E-04D13E35CE0D}.Debug|iPhone.ActiveCfg = Debug|iPhone
		{8524FC42-D736-497D-963E-04D13E35CE0D}.Debug|iPhone.Build.0 = Debug|iPhone
		{8524FC42-D736-497D-963E-04D13E35CE0D}.Debug|iPhone.Deploy.0 = Debug|iPhone
		{8524FC42-D736-497D-963E-04D13E35CE0D}.Debug|iPhoneSimulator.ActiveCfg = Debug|iPhoneSimulator
		{8524FC42-D736-497D-963E-04D13E35CE0D}.Debug|iPhoneSimulator.Build.0 = Debug|iPhoneSimulator
		{8524FC42-D736-497D-963E-04D13E35CE0D}.Debug|iPhoneSimulator.Deploy.0 = Debug|iPhoneSimulator
		{8524FC42-D736-497D-963E-04D13E35CE0D}.Debug|x64.ActiveCfg = Debug|iPhone
		{8524FC42-D736-497D-963E-04D13E35CE0D}.Debug|x64.Build.0 = Debug|iPhone
		{8524FC42-D736-497D-963E-04D13E35CE0D}.Debug|x64.Deploy.0 = Debug|iPhone
		{8524FC42-D736-497D-963E-04D13E35CE0D}.Debug|x86.ActiveCfg = Debug|iPhone
		{8524FC42-D736-497D-963E-04D13E35CE0D}.Debug|x86.Build.0 = Debug|iPhone
		{8524FC42-D736-497D-963E-04D13E35CE0D}.Debug|x86.Deploy.0 = Debug|iPhone
		{8524FC42-D736-497D-963E-04D13E35CE0D}.Release|Any CPU.ActiveCfg = Release|iPhone
		{8524FC42-D736-497D-963E-04D13E35CE0D}.Release|Any CPU.Build.0 = Release|iPhone
		{8524FC42-D736-497D-963E-04D13E35CE0D}.Release|Any CPU.Deploy.0 = Release|iPhone
		{8524FC42-D736-497D-963E-04D13E35CE0D}.Release|ARM.ActiveCfg = Release|iPhone
		{8524FC42-D736-497D-963E-04D13E35CE0D}.Release|ARM.Build.0 = Release|iPhone
		{8524FC42-D736-497D-963E-04D13E35CE0D}.Release|ARM.Deploy.0 = Release|iPhone
		{8524FC42-D736-497D-963E-04D13E35CE0D}.Release|iPhone.ActiveCfg = Release|iPhone
		{8524FC42-D736-497D-963E-04D13E35CE0D}.Release|iPhone.Build.0 = Release|iPhone
		{8524FC42-D736-497D-963E-04D13E35CE0D}.Release|iPhone.Deploy.0 = Release|iPhone
		{8524FC42-D736-497D-963E-04D13E35CE0D}.Release|iPhoneSimulator.ActiveCfg = Release|iPhoneSimulator
		{8524FC42-D736-497D-963E-04D13E35CE0D}.Release|iPhoneSimulator.Build.0 = Release|iPhoneSimulator
		{8524FC42-D736-497D-963E-04D13E35CE0D}.Release|iPhoneSimulator.Deploy.0 = Release|iPhoneSimulator
		{8524FC42-D736-497D-963E-04D13E35CE0D}.Release|x64.ActiveCfg = Release|iPhone
		{8524FC42-D736-497D-963E-04D13E35CE0D}.Release|x64.Build.0 = Release|iPhone
		{8524FC42-D736-497D-963E-04D13E35CE0D}.Release|x64.Deploy.0 = Release|iPhone
		{8524FC42-D736-497D-963E-04D13E35CE0D}.Release|x86.ActiveCfg = Release|iPhone
		{8524FC42-D736-497D-963E-04D13E35CE0D}.Release|x86.Build.0 = Release|iPhone
		{8524FC42-D736-497D-963E-04D13E35CE0D}.Release|x86.Deploy.0 = Release|iPhone
		{F377CAD6-0C5A-4E06-80D5-6873DECF3E0C}.Debug|Any CPU.ActiveCfg = Debug|Any CPU
		{F377CAD6-0C5A-4E06-80D5-6873DECF3E0C}.Debug|Any CPU.Build.0 = Debug|Any CPU
		{F377CAD6-0C5A-4E06-80D5-6873DECF3E0C}.Debug|Any CPU.Deploy.0 = Debug|Any CPU
		{F377CAD6-0C5A-4E06-80D5-6873DECF3E0C}.Debug|ARM.ActiveCfg = Debug|Any CPU
		{F377CAD6-0C5A-4E06-80D5-6873DECF3E0C}.Debug|ARM.Build.0 = Debug|Any CPU
		{F377CAD6-0C5A-4E06-80D5-6873DECF3E0C}.Debug|ARM.Deploy.0 = Debug|Any CPU
		{F377CAD6-0C5A-4E06-80D5-6873DECF3E0C}.Debug|iPhone.ActiveCfg = Debug|Any CPU
		{F377CAD6-0C5A-4E06-80D5-6873DECF3E0C}.Debug|iPhone.Build.0 = Debug|Any CPU
		{F377CAD6-0C5A-4E06-80D5-6873DECF3E0C}.Debug|iPhone.Deploy.0 = Debug|Any CPU
		{F377CAD6-0C5A-4E06-80D5-6873DECF3E0C}.Debug|iPhoneSimulator.ActiveCfg = Debug|Any CPU
		{F377CAD6-0C5A-4E06-80D5-6873DECF3E0C}.Debug|iPhoneSimulator.Build.0 = Debug|Any CPU
		{F377CAD6-0C5A-4E06-80D5-6873DECF3E0C}.Debug|iPhoneSimulator.Deploy.0 = Debug|Any CPU
		{F377CAD6-0C5A-4E06-80D5-6873DECF3E0C}.Debug|x64.ActiveCfg = Debug|Any CPU
		{F377CAD6-0C5A-4E06-80D5-6873DECF3E0C}.Debug|x64.Build.0 = Debug|Any CPU
		{F377CAD6-0C5A-4E06-80D5-6873DECF3E0C}.Debug|x64.Deploy.0 = Debug|Any CPU
		{F377CAD6-0C5A-4E06-80D5-6873DECF3E0C}.Debug|x86.ActiveCfg = Debug|Any CPU
		{F377CAD6-0C5A-4E06-80D5-6873DECF3E0C}.Debug|x86.Build.0 = Debug|Any CPU
		{F377CAD6-0C5A-4E06-80D5-6873DECF3E0C}.Debug|x86.Deploy.0 = Debug|Any CPU
		{F377CAD6-0C5A-4E06-80D5-6873DECF3E0C}.Release|Any CPU.ActiveCfg = Release|Any CPU
		{F377CAD6-0C5A-4E06-80D5-6873DECF3E0C}.Release|Any CPU.Build.0 = Release|Any CPU
		{F377CAD6-0C5A-4E06-80D5-6873DECF3E0C}.Release|Any CPU.Deploy.0 = Release|Any CPU
		{F377CAD6-0C5A-4E06-80D5-6873DECF3E0C}.Release|ARM.ActiveCfg = Release|Any CPU
		{F377CAD6-0C5A-4E06-80D5-6873DECF3E0C}.Release|ARM.Build.0 = Release|Any CPU
		{F377CAD6-0C5A-4E06-80D5-6873DECF3E0C}.Release|ARM.Deploy.0 = Release|Any CPU
		{F377CAD6-0C5A-4E06-80D5-6873DECF3E0C}.Release|iPhone.ActiveCfg = Release|Any CPU
		{F377CAD6-0C5A-4E06-80D5-6873DECF3E0C}.Release|iPhone.Build.0 = Release|Any CPU
		{F377CAD6-0C5A-4E06-80D5-6873DECF3E0C}.Release|iPhone.Deploy.0 = Release|Any CPU
		{F377CAD6-0C5A-4E06-80D5-6873DECF3E0C}.Release|iPhoneSimulator.ActiveCfg = Release|Any CPU
		{F377CAD6-0C5A-4E06-80D5-6873DECF3E0C}.Release|iPhoneSimulator.Build.0 = Release|Any CPU
		{F377CAD6-0C5A-4E06-80D5-6873DECF3E0C}.Release|iPhoneSimulator.Deploy.0 = Release|Any CPU
		{F377CAD6-0C5A-4E06-80D5-6873DECF3E0C}.Release|x64.ActiveCfg = Release|Any CPU
		{F377CAD6-0C5A-4E06-80D5-6873DECF3E0C}.Release|x64.Build.0 = Release|Any CPU
		{F377CAD6-0C5A-4E06-80D5-6873DECF3E0C}.Release|x64.Deploy.0 = Release|Any CPU
		{F377CAD6-0C5A-4E06-80D5-6873DECF3E0C}.Release|x86.ActiveCfg = Release|Any CPU
		{F377CAD6-0C5A-4E06-80D5-6873DECF3E0C}.Release|x86.Build.0 = Release|Any CPU
		{F377CAD6-0C5A-4E06-80D5-6873DECF3E0C}.Release|x86.Deploy.0 = Release|Any CPU
	EndGlobalSection
	GlobalSection(SolutionProperties) = preSolution
		HideSolutionNode = FALSE
	EndGlobalSection
	GlobalSection(ExtensibilityGlobals) = postSolution
		SolutionGuid = {C45E48CA-F225-4E71-A516-2680BE190F61}
	EndGlobalSection
EndGlobal
